
Microsoft Visual Studio Solution File, Format Version 12.00
# Visual Studio 15
VisualStudioVersion = 15.0.27130.2010
MinimumVisualStudioVersion = 10.0.40219.1
Project("{FAE04EC0-301F-11D3-BF4B-00C04F79EFBC}") = "Core", "src\Core\Core.csproj", "{9982F1F8-253B-4BCC-9563-9CAD1E4B59F5}"
EndProject
Project("{FAE04EC0-301F-11D3-BF4B-00C04F79EFBC}") = "Core.Tests", "tests\Core.Tests\Core.Tests.csproj", "{C10FBBF1-1277-4F24-A1DA-1BD311B93BF4}"
EndProject
Global
	GlobalSection(SolutionConfigurationPlatforms) = preSolution
		Debug|Any CPU = Debug|Any CPU
		Release|Any CPU = Release|Any CPU
	EndGlobalSection
	GlobalSection(ProjectConfigurationPlatforms) = postSolution
		{9982F1F8-253B-4BCC-9563-9CAD1E4B59F5}.Debug|Any CPU.ActiveCfg = Debug|Any CPU
		{9982F1F8-253B-4BCC-9563-9CAD1E4B59F5}.Debug|Any CPU.Build.0 = Debug|Any CPU
		{9982F1F8-253B-4BCC-9563-9CAD1E4B59F5}.Release|Any CPU.ActiveCfg = Release|Any CPU
		{9982F1F8-253B-4BCC-9563-9CAD1E4B59F5}.Release|Any CPU.Build.0 = Release|Any CPU
		{C10FBBF1-1277-4F24-A1DA-1BD311B93BF4}.Debug|Any CPU.ActiveCfg = Debug|Any CPU
		{C10FBBF1-1277-4F24-A1DA-1BD311B93BF4}.Debug|Any CPU.Build.0 = Debug|Any CPU
		{C10FBBF1-1277-4F24-A1DA-1BD311B93BF4}.Release|Any CPU.ActiveCfg = Release|Any CPU
		{C10FBBF1-1277-4F24-A1DA-1BD311B93BF4}.Release|Any CPU.Build.0 = Release|Any CPU
	EndGlobalSection
	GlobalSection(SolutionProperties) = preSolution
		HideSolutionNode = FALSE
	EndGlobalSection
	GlobalSection(ExtensibilityGlobals) = postSolution
		SolutionGuid = {E152DD46-8641-4D9B-98A3-EF1A306EC300}
	EndGlobalSection
EndGlobal
